
Microsoft Visual Studio Solution File, Format Version 12.00
# Visual Studio Version 17
VisualStudioVersion = 17.0.31903.59
MinimumVisualStudioVersion = 10.0.40219.1
Project("{FAE04EC0-301F-11D3-BF4B-00C04F79EFBC}") = "UnitTestDemo", "UnitTestDemo\UnitTestDemo.csproj", "{B29C043F-9CE7-41E3-8A04-6813969DFCB8}"
EndProject
Project("{FAE04EC0-301F-11D3-BF4B-00C04F79EFBC}") = "TestProject2", "TestProject2\TestProject2.csproj", "{1BF5D6D3-D4CC-45EB-94AB-3FA3CB9384F3}"
EndProject
Global
	GlobalSection(SolutionConfigurationPlatforms) = preSolution
		Debug|Any CPU = Debug|Any CPU
		Release|Any CPU = Release|Any CPU
	EndGlobalSection
	GlobalSection(ProjectConfigurationPlatforms) = postSolution
		{B29C043F-9CE7-41E3-8A04-6813969DFCB8}.Debug|Any CPU.ActiveCfg = Debug|Any CPU
		{B29C043F-9CE7-41E3-8A04-6813969DFCB8}.Debug|Any CPU.Build.0 = Debug|Any CPU
		{B29C043F-9CE7-41E3-8A04-6813969DFCB8}.Release|Any CPU.ActiveCfg = Release|Any CPU
		{B29C043F-9CE7-41E3-8A04-6813969DFCB8}.Release|Any CPU.Build.0 = Release|Any CPU
		{1BF5D6D3-D4CC-45EB-94AB-3FA3CB9384F3}.Debug|Any CPU.ActiveCfg = Debug|Any CPU
		{1BF5D6D3-D4CC-45EB-94AB-3FA3CB9384F3}.Debug|Any CPU.Build.0 = Debug|Any CPU
		{1BF5D6D3-D4CC-45EB-94AB-3FA3CB9384F3}.Release|Any CPU.ActiveCfg = Release|Any CPU
		{1BF5D6D3-D4CC-45EB-94AB-3FA3CB9384F3}.Release|Any CPU.Build.0 = Release|Any CPU
	EndGlobalSection
	GlobalSection(SolutionProperties) = preSolution
		HideSolutionNode = FALSE
	EndGlobalSection
EndGlobal
